%{
  "apiac": {:git, "https://github.com/tanguilp/apiac.git", "23c775c189fc5042e47a02a300ce89329447e516", [tag: "0.3.0"]},
  "apiac_auth_basic": {:git, "https://github.com/tanguilp/apiac_auth_basic.git", "a0671af59fda312c8f37719959ead2acbcca78e6", []},
  "apiac_auth_bearer": {:git, "https://github.com/tanguilp/apiac_auth_bearer.git", "e4e75e726d1943969b3d7dd013833914a22df7a9", []},
  "apiac_auth_client_secret_post": {:git, "https://github.com/tanguilp/apiac_auth_client_secret_post.git", "654e2c401f249547e8cf51f01758eda12d93d9fc", []},
  "apiac_auth_mtls": {:git, "https://github.com/tanguilp/apiac_auth_mtls.git", "9a439e4520eeeb382d3c1bc9fcb116721ce99476", []},
  "apiac_filter_ip_blacklist": {:git, "https://github.com/tanguilp/apiac_filter_ip_blacklist.git", "a2eb4e6b2cd11b802d3cefec959cf9456b7095d4", []},
  "apiac_filter_ip_whitelist": {:git, "https://github.com/tanguilp/apiac_filter_ip_whitelist.git", "303febdeed13b346aaab4e824eff89273eb4bd10", []},
  "apiac_filter_throttler": {:git, "https://github.com/tanguilp/apiac_filter_throttler.git", "ae842b18d926532b405972929455546a9aba9103", []},
  "attribute_repository": {:git, "https://github.com/tanguilp/attribute_repository.git", "dfbe52bba681dc6ae4a2c228a522d00bc9fc0e7e", []},
  "attribute_repository_mnesia": {:git, "https://github.com/tanguilp/attribute_repository_mnesia.git", "9e8d6284716bbbe8d24b6f551cd295fbaf5d7674", []},
  "content_type": {:git, "https://github.com/marcelotto/content_type.git", "2de2b912e2806ad41da874ad982c977fd5e4ba99", [tag: "master"]},
  "jwks_uri_updater": {:git, "https://github.com/tanguilp/jwks_uri_updater.git", "93aa6363e956591cadad6aaba21ad346cf2e7ca9", []},
  "oauth2_metadata_updater": {:git, "https://github.com/tanguilp/oauth2_metadata_updater.git", "9fad188796750c01c3cfa883d33935bf28bc2a30", []},
  "oauth2_utils": {:git, "https://github.com/tanguilp/oauth2_utils.git", "4dc587911898968a1e4d2de7ccec4b6c01eef996", []},
  "riak": {:git, "https://github.com/tanguilp/riak-elixir-client.git", "65a457493f57a4ef6a3da840b3e1154006277f2d", []},
}
